
Microsoft Visual Studio Solution File, Format Version 12.00
# Visual Studio 15
VisualStudioVersion = 15.0.28010.2036
MinimumVisualStudioVersion = 10.0.40219.1
Project("{FAE04EC0-301F-11D3-BF4B-00C04F79EFBC}") = "TungaApp", "AbsolventskaApp\TungaApp.csproj", "{A5F84B26-500A-4928-AA92-3B03C18C4472}"
EndProject
Project("{2150E333-8FDC-42A3-9474-1A3956D46DE8}") = "Solution Items", "Solution Items", "{1681728B-0BB7-4B03-B6BE-88709DEA57BF}"
EndProject
Project("{C7167F0D-BC9F-4E6E-AFE1-012C56B48DB5}") = "UWPTunga", "UWPTunga\UWPTunga.wapproj", "{9250536A-2A44-433D-A1D4-DBA015548EBA}"
EndProject
Global
	GlobalSection(SolutionConfigurationPlatforms) = preSolution
		Debug|Any CPU = Debug|Any CPU
		Debug|x64 = Debug|x64
		Debug|x86 = Debug|x86
		Release|Any CPU = Release|Any CPU
		Release|x64 = Release|x64
		Release|x86 = Release|x86
	EndGlobalSection
	GlobalSection(ProjectConfigurationPlatforms) = postSolution
		{A5F84B26-500A-4928-AA92-3B03C18C4472}.Debug|Any CPU.ActiveCfg = Debug|Any CPU
		{A5F84B26-500A-4928-AA92-3B03C18C4472}.Debug|Any CPU.Build.0 = Debug|Any CPU
		{A5F84B26-500A-4928-AA92-3B03C18C4472}.Debug|x64.ActiveCfg = Debug|Any CPU
		{A5F84B26-500A-4928-AA92-3B03C18C4472}.Debug|x64.Build.0 = Debug|Any CPU
		{A5F84B26-500A-4928-AA92-3B03C18C4472}.Debug|x86.ActiveCfg = Debug|Any CPU
		{A5F84B26-500A-4928-AA92-3B03C18C4472}.Debug|x86.Build.0 = Debug|Any CPU
		{A5F84B26-500A-4928-AA92-3B03C18C4472}.Release|Any CPU.ActiveCfg = Release|Any CPU
		{A5F84B26-500A-4928-AA92-3B03C18C4472}.Release|Any CPU.Build.0 = Release|Any CPU
		{A5F84B26-500A-4928-AA92-3B03C18C4472}.Release|x64.ActiveCfg = Release|Any CPU
		{A5F84B26-500A-4928-AA92-3B03C18C4472}.Release|x64.Build.0 = Release|Any CPU
		{A5F84B26-500A-4928-AA92-3B03C18C4472}.Release|x86.ActiveCfg = Release|Any CPU
		{A5F84B26-500A-4928-AA92-3B03C18C4472}.Release|x86.Build.0 = Release|Any CPU
		{9250536A-2A44-433D-A1D4-DBA015548EBA}.Debug|Any CPU.ActiveCfg = Debug|Any CPU
		{9250536A-2A44-433D-A1D4-DBA015548EBA}.Debug|Any CPU.Build.0 = Debug|Any CPU
		{9250536A-2A44-433D-A1D4-DBA015548EBA}.Debug|Any CPU.Deploy.0 = Debug|Any CPU
		{9250536A-2A44-433D-A1D4-DBA015548EBA}.Debug|x64.ActiveCfg = Debug|x64
		{9250536A-2A44-433D-A1D4-DBA015548EBA}.Debug|x64.Build.0 = Debug|x64
		{9250536A-2A44-433D-A1D4-DBA015548EBA}.Debug|x64.Deploy.0 = Debug|x64
		{9250536A-2A44-433D-A1D4-DBA015548EBA}.Debug|x86.ActiveCfg = Debug|x86
		{9250536A-2A44-433D-A1D4-DBA015548EBA}.Debug|x86.Build.0 = Debug|x86
		{9250536A-2A44-433D-A1D4-DBA015548EBA}.Debug|x86.Deploy.0 = Debug|x86
		{9250536A-2A44-433D-A1D4-DBA015548EBA}.Release|Any CPU.ActiveCfg = Release|Any CPU
		{9250536A-2A44-433D-A1D4-DBA015548EBA}.Release|Any CPU.Build.0 = Release|Any CPU
		{9250536A-2A44-433D-A1D4-DBA015548EBA}.Release|Any CPU.Deploy.0 = Release|Any CPU
		{9250536A-2A44-433D-A1D4-DBA015548EBA}.Release|x64.ActiveCfg = Release|x64
		{9250536A-2A44-433D-A1D4-DBA015548EBA}.Release|x64.Build.0 = Release|x64
		{9250536A-2A44-433D-A1D4-DBA015548EBA}.Release|x64.Deploy.0 = Release|x64
		{9250536A-2A44-433D-A1D4-DBA015548EBA}.Release|x86.ActiveCfg = Release|x86
		{9250536A-2A44-433D-A1D4-DBA015548EBA}.Release|x86.Build.0 = Release|x86
		{9250536A-2A44-433D-A1D4-DBA015548EBA}.Release|x86.Deploy.0 = Release|x86
	EndGlobalSection
	GlobalSection(SolutionProperties) = preSolution
		HideSolutionNode = FALSE
	EndGlobalSection
	GlobalSection(ExtensibilityGlobals) = postSolution
		SolutionGuid = {FC86A89B-F0FF-4E39-A4C0-9BD3251BD930}
	EndGlobalSection
EndGlobal
